// !$*UTF8*$!
{
	archiveVersion = 1;
	classes = {
	};
	objectVersion = 50;
	objects = {

/* Begin PBXBuildFile section */
		802CC6592500F789006EC99A /* SwimmerCell.swift in Sources */ = {isa = PBXBuildFile; fileRef = 802CC6572500F789006EC99A /* SwimmerCell.swift */; };
		802CC65A2500F789006EC99A /* SwimmerCell.xib in Resources */ = {isa = PBXBuildFile; fileRef = 802CC6582500F789006EC99A /* SwimmerCell.xib */; };
		80414B262500CD2B00E4B52B /* AppDelegate.swift in Sources */ = {isa = PBXBuildFile; fileRef = 80414B252500CD2B00E4B52B /* AppDelegate.swift */; };
		80414B282500CD2B00E4B52B /* SceneDelegate.swift in Sources */ = {isa = PBXBuildFile; fileRef = 80414B272500CD2B00E4B52B /* SceneDelegate.swift */; };
		80414B2A2500CD2B00E4B52B /* ViewController.swift in Sources */ = {isa = PBXBuildFile; fileRef = 80414B292500CD2B00E4B52B /* ViewController.swift */; };
		80414B2D2500CD2B00E4B52B /* Main.storyboard in Resources */ = {isa = PBXBuildFile; fileRef = 80414B2B2500CD2B00E4B52B /* Main.storyboard */; };
		80414B2F2500CD3000E4B52B /* Assets.xcassets in Resources */ = {isa = PBXBuildFile; fileRef = 80414B2E2500CD3000E4B52B /* Assets.xcassets */; };
		80414B322500CD3000E4B52B /* LaunchScreen.storyboard in Resources */ = {isa = PBXBuildFile; fileRef = 80414B302500CD3000E4B52B /* LaunchScreen.storyboard */; };
		80414B3B2500D06C00E4B52B /* SwimmerEffect.swift in Sources */ = {isa = PBXBuildFile; fileRef = 80414B3A2500D06C00E4B52B /* SwimmerEffect.swift */; };
		80414B3D2500D2E500E4B52B /* SwimmerEffectProtocol.swift in Sources */ = {isa = PBXBuildFile; fileRef = 80414B3C2500D2E500E4B52B /* SwimmerEffectProtocol.swift */; };
		80414B3F2500D65E00E4B52B /* SwimmerEffectEnum.swift in Sources */ = {isa = PBXBuildFile; fileRef = 80414B3E2500D65E00E4B52B /* SwimmerEffectEnum.swift */; };
/* End PBXBuildFile section */

/* Begin PBXFileReference section */
		802CC6572500F789006EC99A /* SwimmerCell.swift */ = {isa = PBXFileReference; lastKnownFileType = sourcecode.swift; path = SwimmerCell.swift; sourceTree = "<group>"; };
		802CC6582500F789006EC99A /* SwimmerCell.xib */ = {isa = PBXFileReference; lastKnownFileType = file.xib; path = SwimmerCell.xib; sourceTree = "<group>"; };
		80414B222500CD2B00E4B52B /* SwimmerDemo.app */ = {isa = PBXFileReference; explicitFileType = wrapper.application; includeInIndex = 0; path = SwimmerDemo.app; sourceTree = BUILT_PRODUCTS_DIR; };
		80414B252500CD2B00E4B52B /* AppDelegate.swift */ = {isa = PBXFileReference; lastKnownFileType = sourcecode.swift; path = AppDelegate.swift; sourceTree = "<group>"; };
		80414B272500CD2B00E4B52B /* SceneDelegate.swift */ = {isa = PBXFileReference; lastKnownFileType = sourcecode.swift; path = SceneDelegate.swift; sourceTree = "<group>"; };
		80414B292500CD2B00E4B52B /* ViewController.swift */ = {isa = PBXFileReference; lastKnownFileType = sourcecode.swift; path = ViewController.swift; sourceTree = "<group>"; };
		80414B2C2500CD2B00E4B52B /* Base */ = {isa = PBXFileReference; lastKnownFileType = file.storyboard; name = Base; path = Base.lproj/Main.storyboard; sourceTree = "<group>"; };
		80414B2E2500CD3000E4B52B /* Assets.xcassets */ = {isa = PBXFileReference; lastKnownFileType = folder.assetcatalog; path = Assets.xcassets; sourceTree = "<group>"; };
		80414B312500CD3000E4B52B /* Base */ = {isa = PBXFileReference; lastKnownFileType = file.storyboard; name = Base; path = Base.lproj/LaunchScreen.storyboard; sourceTree = "<group>"; };
		80414B332500CD3000E4B52B /* Info.plist */ = {isa = PBXFileReference; lastKnownFileType = text.plist.xml; path = Info.plist; sourceTree = "<group>"; };
		80414B3A2500D06C00E4B52B /* SwimmerEffect.swift */ = {isa = PBXFileReference; lastKnownFileType = sourcecode.swift; path = SwimmerEffect.swift; sourceTree = "<group>"; };
		80414B3C2500D2E500E4B52B /* SwimmerEffectProtocol.swift */ = {isa = PBXFileReference; lastKnownFileType = sourcecode.swift; path = SwimmerEffectProtocol.swift; sourceTree = "<group>"; };
		80414B3E2500D65E00E4B52B /* SwimmerEffectEnum.swift */ = {isa = PBXFileReference; lastKnownFileType = sourcecode.swift; path = SwimmerEffectEnum.swift; sourceTree = "<group>"; };
/* End PBXFileReference section */

/* Begin PBXFrameworksBuildPhase section */
		80414B1F2500CD2B00E4B52B /* Frameworks */ = {
			isa = PBXFrameworksBuildPhase;
			buildActionMask = 2147483647;
			files = (
			);
			runOnlyForDeploymentPostprocessing = 0;
		};
/* End PBXFrameworksBuildPhase section */

/* Begin PBXGroup section */
		802CC6562500F773006EC99A /* SubViews */ = {
			isa = PBXGroup;
			children = (
				802CC6572500F789006EC99A /* SwimmerCell.swift */,
				802CC6582500F789006EC99A /* SwimmerCell.xib */,
			);
			path = SubViews;
			sourceTree = "<group>";
		};
		80414B192500CD2B00E4B52B = {
			isa = PBXGroup;
			children = (
				80414B242500CD2B00E4B52B /* SwimmerDemo */,
				80414B232500CD2B00E4B52B /* Products */,
			);
			sourceTree = "<group>";
		};
		80414B232500CD2B00E4B52B /* Products */ = {
			isa = PBXGroup;
			children = (
				80414B222500CD2B00E4B52B /* SwimmerDemo.app */,
			);
			name = Products;
			sourceTree = "<group>";
		};
		80414B242500CD2B00E4B52B /* SwimmerDemo */ = {
			isa = PBXGroup;
			children = (
				802CC6562500F773006EC99A /* SubViews */,
				80414B392500CF2400E4B52B /* Swimmer */,
				80414B252500CD2B00E4B52B /* AppDelegate.swift */,
				80414B272500CD2B00E4B52B /* SceneDelegate.swift */,
				80414B292500CD2B00E4B52B /* ViewController.swift */,
				80414B2B2500CD2B00E4B52B /* Main.storyboard */,
				80414B2E2500CD3000E4B52B /* Assets.xcassets */,
				80414B302500CD3000E4B52B /* LaunchScreen.storyboard */,
				80414B332500CD3000E4B52B /* Info.plist */,
			);
			path = SwimmerDemo;
			sourceTree = "<group>";
		};
		80414B392500CF2400E4B52B /* Swimmer */ = {
			isa = PBXGroup;
			children = (
				80414B3A2500D06C00E4B52B /* SwimmerEffect.swift */,
				80414B3C2500D2E500E4B52B /* SwimmerEffectProtocol.swift */,
				80414B3E2500D65E00E4B52B /* SwimmerEffectEnum.swift */,
			);
			path = Swimmer;
			sourceTree = "<group>";
		};
/* End PBXGroup section */

/* Begin PBXNativeTarget section */
		80414B212500CD2B00E4B52B /* SwimmerDemo */ = {
			isa = PBXNativeTarget;
			buildConfigurationList = 80414B362500CD3000E4B52B /* Build configuration list for PBXNativeTarget "SwimmerDemo" */;
			buildPhases = (
				80414B1E2500CD2B00E4B52B /* Sources */,
				80414B1F2500CD2B00E4B52B /* Frameworks */,
				80414B202500CD2B00E4B52B /* Resources */,
			);
			buildRules = (
			);
			dependencies = (
			);
			name = SwimmerDemo;
			productName = SwimmerDemo;
			productReference = 80414B222500CD2B00E4B52B /* SwimmerDemo.app */;
			productType = "com.apple.product-type.application";
		};
/* End PBXNativeTarget section */

/* Begin PBXProject section */
		80414B1A2500CD2B00E4B52B /* Project object */ = {
			isa = PBXProject;
			attributes = {
				LastSwiftUpdateCheck = 1120;
				LastUpgradeCheck = 1120;
				ORGANIZATIONNAME = "Mahendra Vishwakarma";
				TargetAttributes = {
					80414B212500CD2B00E4B52B = {
						CreatedOnToolsVersion = 11.2.1;
					};
				};
			};
			buildConfigurationList = 80414B1D2500CD2B00E4B52B /* Build configuration list for PBXProject "SwimmerDemo" */;
			compatibilityVersion = "Xcode 9.3";
			developmentRegion = en;
			hasScannedForEncodings = 0;
			knownRegions = (
				en,
				Base,
			);
			mainGroup = 80414B192500CD2B00E4B52B;
			productRefGroup = 80414B232500CD2B00E4B52B /* Products */;
			projectDirPath = "";
			projectRoot = "";
			targets = (
				80414B212500CD2B00E4B52B /* SwimmerDemo */,
			);
		};
/* End PBXProject section */

/* Begin PBXResourcesBuildPhase section */
		80414B202500CD2B00E4B52B /* Resources */ = {
			isa = PBXResourcesBuildPhase;
			buildActionMask = 2147483647;
			files = (
				802CC65A2500F789006EC99A /* SwimmerCell.xib in Resources */,
				80414B322500CD3000E4B52B /* LaunchScreen.storyboard in Resources */,
				80414B2F2500CD3000E4B52B /* Assets.xcassets in Resources */,
				80414B2D2500CD2B00E4B52B /* Main.storyboard in Resources */,
			);
			runOnlyForDeploymentPostprocessing = 0;
		};
/* End PBXResourcesBuildPhase section */

/* Begin PBXSourcesBuildPhase section */
		80414B1E2500CD2B00E4B52B /* Sources */ = {
			isa = PBXSourcesBuildPhase;
			buildActionMask = 2147483647;
			files = (
				80414B3F2500D65E00E4B52B /* SwimmerEffectEnum.swift in Sources */,
				80414B2A2500CD2B00E4B52B /* ViewController.swift in Sources */,
				80414B262500CD2B00E4B52B /* AppDelegate.swift in Sources */,
				80414B3D2500D2E500E4B52B /* SwimmerEffectProtocol.swift in Sources */,
				80414B282500CD2B00E4B52B /* SceneDelegate.swift in Sources */,
				802CC6592500F789006EC99A /* SwimmerCell.swift in Sources */,
				80414B3B2500D06C00E4B52B /* SwimmerEffect.swift in Sources */,
			);
			runOnlyForDeploymentPostprocessing = 0;
		};
/* End PBXSourcesBuildPhase section */

/* Begin PBXVariantGroup section */
		80414B2B2500CD2B00E4B52B /* Main.storyboard */ = {
			isa = PBXVariantGroup;
			children = (
				80414B2C2500CD2B00E4B52B /* Base */,
			);
			name = Main.storyboard;
			sourceTree = "<group>";
		};
		80414B302500CD3000E4B52B /* LaunchScreen.storyboard */ = {
			isa = PBXVariantGroup;
			children = (
				80414B312500CD3000E4B52B /* Base */,
			);
			name = LaunchScreen.storyboard;
			sourceTree = "<group>";
		};
/* End PBXVariantGroup section */

/* Begin XCBuildConfiguration section */
		80414B342500CD3000E4B52B /* Debug */ = {
			isa = XCBuildConfiguration;
			buildSettings = {
				ALWAYS_SEARCH_USER_PATHS = NO;
				CLANG_ANALYZER_NONNULL = YES;
				CLANG_ANALYZER_NUMBER_OBJECT_CONVERSION = YES_AGGRESSIVE;
				CLANG_CXX_LANGUAGE_STANDARD = "gnu++14";
				CLANG_CXX_LIBRARY = "libc++";
				CLANG_ENABLE_MODULES = YES;
				CLANG_ENABLE_OBJC_ARC = YES;
				CLANG_ENABLE_OBJC_WEAK = YES;
				CLANG_WARN_BLOCK_CAPTURE_AUTORELEASING = YES;
				CLANG_WARN_BOOL_CONVERSION = YES;
				CLANG_WARN_COMMA = YES;
				CLANG_WARN_CONSTANT_CONVERSION = YES;
				CLANG_WARN_DEPRECATED_OBJC_IMPLEMENTATIONS = YES;
				CLANG_WARN_DIRECT_OBJC_ISA_USAGE = YES_ERROR;
				CLANG_WARN_DOCUMENTATION_COMMENTS = YES;
				CLANG_WARN_EMPTY_BODY = YES;
				CLANG_WARN_ENUM_CONVERSION = YES;
				CLANG_WARN_INFINITE_RECURSION = YES;
				CLANG_WARN_INT_CONVERSION = YES;
				CLANG_WARN_NON_LITERAL_NULL_CONVERSION = YES;
				CLANG_WARN_OBJC_IMPLICIT_RETAIN_SELF = YES;
				CLANG_WARN_OBJC_LITERAL_CONVERSION = YES;
				CLANG_WARN_OBJC_ROOT_CLASS = YES_ERROR;
				CLANG_WARN_RANGE_LOOP_ANALYSIS = YES;
				CLANG_WARN_STRICT_PROTOTYPES = YES;
				CLANG_WARN_SUSPICIOUS_MOVE = YES;
				CLANG_WARN_UNGUARDED_AVAILABILITY = YES_AGGRESSIVE;
				CLANG_WARN_UNREACHABLE_CODE = YES;
				CLANG_WARN__DUPLICATE_METHOD_MATCH = YES;
				COPY_PHASE_STRIP = NO;
				DEBUG_INFORMATION_FORMAT = dwarf;
				ENABLE_STRICT_OBJC_MSGSEND = YES;
				ENABLE_TESTABILITY = YES;
				GCC_C_LANGUAGE_STANDARD = gnu11;
				GCC_DYNAMIC_NO_PIC = NO;
				GCC_NO_COMMON_BLOCKS = YES;
				GCC_OPTIMIZATION_LEVEL = 0;
				GCC_PREPROCESSOR_DEFINITIONS = (
					"DEBUG=1",
					"$(inherited)",
				);
				GCC_WARN_64_TO_32_BIT_CONVERSION = YES;
				GCC_WARN_ABOUT_RETURN_TYPE = YES_ERROR;
				GCC_WARN_UNDECLARED_SELECTOR = YES;
				GCC_WARN_UNINITIALIZED_AUTOS = YES_AGGRESSIVE;
				GCC_WARN_UNUSED_FUNCTION = YES;
				GCC_WARN_UNUSED_VARIABLE = YES;
				IPHONEOS_DEPLOYMENT_TARGET = 13.2;
				MTL_ENABLE_DEBUG_INFO = INCLUDE_SOURCE;
				MTL_FAST_MATH = YES;
				ONLY_ACTIVE_ARCH = YES;
				SDKROOT = iphoneos;
				SWIFT_ACTIVE_COMPILATION_CONDITIONS = DEBUG;
				SWIFT_OPTIMIZATION_LEVEL = "-Onone";
			};
			name = Debug;
		};
		80414B352500CD3000E4B52B /* Release */ = {
			isa = XCBuildConfiguration;
			buildSettings = {
				ALWAYS_SEARCH_USER_PATHS = NO;
				CLANG_ANALYZER_NONNULL = YES;
				CLANG_ANALYZER_NUMBER_OBJECT_CONVERSION = YES_AGGRESSIVE;
				CLANG_CXX_LANGUAGE_STANDARD = "gnu++14";
				CLANG_CXX_LIBRARY = "libc++";
				CLANG_ENABLE_MODULES = YES;
				CLANG_ENABLE_OBJC_ARC = YES;
				CLANG_ENABLE_OBJC_WEAK = YES;
				CLANG_WARN_BLOCK_CAPTURE_AUTORELEASING = YES;
				CLANG_WARN_BOOL_CONVERSION = YES;
				CLANG_WARN_COMMA = YES;
				CLANG_WARN_CONSTANT_CONVERSION = YES;
				CLANG_WARN_DEPRECATED_OBJC_IMPLEMENTATIONS = YES;
				CLANG_WARN_DIRECT_OBJC_ISA_USAGE = YES_ERROR;
				CLANG_WARN_DOCUMENTATION_COMMENTS = YES;
				CLANG_WARN_EMPTY_BODY = YES;
				CLANG_WARN_ENUM_CONVERSION = YES;
				CLANG_WARN_INFINITE_RECURSION = YES;
				CLANG_WARN_INT_CONVERSION = YES;
				CLANG_WARN_NON_LITERAL_NULL_CONVERSION = YES;
				CLANG_WARN_OBJC_IMPLICIT_RETAIN_SELF = YES;
				CLANG_WARN_OBJC_LITERAL_CONVERSION = YES;
				CLANG_WARN_OBJC_ROOT_CLASS = YES_ERROR;
				CLANG_WARN_RANGE_LOOP_ANALYSIS = YES;
				CLANG_WARN_STRICT_PROTOTYPES = YES;
				CLANG_WARN_SUSPICIOUS_MOVE = YES;
				CLANG_WARN_UNGUARDED_AVAILABILITY = YES_AGGRESSIVE;
				CLANG_WARN_UNREACHABLE_CODE = YES;
				CLANG_WARN__DUPLICATE_METHOD_MATCH = YES;
				COPY_PHASE_STRIP = NO;
				DEBUG_INFORMATION_FORMAT = "dwarf-with-dsym";
				ENABLE_NS_ASSERTIONS = NO;
				ENABLE_STRICT_OBJC_MSGSEND = YES;
				GCC_C_LANGUAGE_STANDARD = gnu11;
				GCC_NO_COMMON_BLOCKS = YES;
				GCC_WARN_64_TO_32_BIT_CONVERSION = YES;
				GCC_WARN_ABOUT_RETURN_TYPE = YES_ERROR;
				GCC_WARN_UNDECLARED_SELECTOR = YES;
				GCC_WARN_UNINITIALIZED_AUTOS = YES_AGGRESSIVE;
				GCC_WARN_UNUSED_FUNCTION = YES;
				GCC_WARN_UNUSED_VARIABLE = YES;
				IPHONEOS_DEPLOYMENT_TARGET = 13.2;
				MTL_ENABLE_DEBUG_INFO = NO;
				MTL_FAST_MATH = YES;
				SDKROOT = iphoneos;
				SWIFT_COMPILATION_MODE = wholemodule;
				SWIFT_OPTIMIZATION_LEVEL = "-O";
				VALIDATE_PRODUCT = YES;
			};
			name = Release;
		};
		80414B372500CD3000E4B52B /* Debug */ = {
			isa = XCBuildConfiguration;
			buildSettings = {
				ASSETCATALOG_COMPILER_APPICON_NAME = AppIcon;
				CODE_SIGN_STYLE = Automatic;
				INFOPLIST_FILE = SwimmerDemo/Info.plist;
				LD_RUNPATH_SEARCH_PATHS = (
					"$(inherited)",
					"@executable_path/Frameworks",
				);
				PRODUCT_BUNDLE_IDENTIFIER = Mahendra.SwimmerDemo;
				PRODUCT_NAME = "$(TARGET_NAME)";
				SWIFT_VERSION = 5.0;
				TARGETED_DEVICE_FAMILY = 1;
			};
			name = Debug;
		};
		80414B382500CD3000E4B52B /* Release */ = {
			isa = XCBuildConfiguration;
			buildSettings = {
				ASSETCATALOG_COMPILER_APPICON_NAME = AppIcon;
				CODE_SIGN_STYLE = Automatic;
				INFOPLIST_FILE = SwimmerDemo/Info.plist;
				LD_RUNPATH_SEARCH_PATHS = (
					"$(inherited)",
					"@executable_path/Frameworks",
				);
				PRODUCT_BUNDLE_IDENTIFIER = Mahendra.SwimmerDemo;
				PRODUCT_NAME = "$(TARGET_NAME)";
				SWIFT_VERSION = 5.0;
				TARGETED_DEVICE_FAMILY = 1;
			};
			name = Release;
		};
/* End XCBuildConfiguration section */

/* Begin XCConfigurationList section */
		80414B1D2500CD2B00E4B52B /* Build configuration list for PBXProject "SwimmerDemo" */ = {
			isa = XCConfigurationList;
			buildConfigurations = (
				80414B342500CD3000E4B52B /* Debug */,
				80414B352500CD3000E4B52B /* Release */,
			);
			defaultConfigurationIsVisible = 0;
			defaultConfigurationName = Release;
		};
		80414B362500CD3000E4B52B /* Build configuration list for PBXNativeTarget "SwimmerDemo" */ = {
			isa = XCConfigurationList;
			buildConfigurations = (
				80414B372500CD3000E4B52B /* Debug */,
				80414B382500CD3000E4B52B /* Release */,
			);
			defaultConfigurationIsVisible = 0;
			defaultConfigurationName = Release;
		};
/* End XCConfigurationList section */
	};
	rootObject = 80414B1A2500CD2B00E4B52B /* Project object */;
}
